{
  "name": "clap_types-generated-checks",
  "lockfileVersion": 3,
  "requires": true,
  "packages": {
    "": {
      "name": "clap_types-generated-checks",
      "devDependencies": {
        "@types/node": "^25.6.0",
        "flow-bin": "^0.313.0",
        "flow-remove-types": "^2.313.0",
        "typescript": "^5.9.3",
        "zod": "^4.4.2"
      }
    },
    "node_modules/@types/node": {
      "version": "25.6.0",
      "resolved": "https://registry.npmjs.org/@types/node/-/node-25.6.0.tgz",
      "integrity": "sha512-+qIYRKdNYJwY3vRCZMdJbPLJAtGjQBudzZzdzwQYkEPQd+PJGixUL5QfvCLDaULoLv+RhT3LDkwEfKaAkgSmNQ==",
      "dev": true,
      "license": "MIT",
      "dependencies": {
        "undici-types": "~7.19.0"
      }
    },
    "node_modules/flow-bin": {
      "version": "0.313.0",
      "resolved": "https://registry.npmjs.org/flow-bin/-/flow-bin-0.313.0.tgz",
      "integrity": "sha512-foqZwKykbfdvEyWI4yIpuJU0I0d06562GogwA+8eRN7Bt/nwqepGLIrZHG6KSTcS79iyAU7ZiQvP8pA90dEhfQ==",
      "dev": true,
      "license": "MIT",
      "bin": {
        "flow": "cli.js"
      },
      "engines": {
        "node": ">=0.10.0"
      }
    },
    "node_modules/flow-remove-types": {
      "version": "2.313.0",
      "resolved": "https://registry.npmjs.org/flow-remove-types/-/flow-remove-types-2.313.0.tgz",
      "integrity": "sha512-j+tfOktOZO4rLpBCFyZzoXh8hHfPFvDEB/x7N5rPnKWNHzjz1ifw3LzsQPI1cOKnho2weULMgdnmFqBFwOv6Cw==",
      "dev": true,
      "license": "MIT",
      "dependencies": {
        "hermes-parser": "0.36.0",
        "pirates": "^3.0.2",
        "vlq": "^0.2.1"
      },
      "bin": {
        "flow-node": "flow-node",
        "flow-remove-types": "flow-remove-types"
      },
      "engines": {
        "node": ">=4"
      }
    },
    "node_modules/hermes-estree": {
      "version": "0.36.0",
      "resolved": "https://registry.npmjs.org/hermes-estree/-/hermes-estree-0.36.0.tgz",
      "integrity": "sha512-A1+8zn5oss2CFP7pKsOaxorQG6FNIz1WU1VDqruLPPZl3LVgeE2C5xfFg8Ow6/Ow4mSslLLtYP1J3n38eKyW9w==",
      "dev": true,
      "license": "MIT"
    },
    "node_modules/hermes-parser": {
      "version": "0.36.0",
      "resolved": "https://registry.npmjs.org/hermes-parser/-/hermes-parser-0.36.0.tgz",
      "integrity": "sha512-GdpwMmH5x6IpC1cijvcvYnlPB60Mh6kTSF/NFdYV/j56gYdi+0RIakYs+eqOV+bbO0SW7mgVVGSsTJxyPQfo3w==",
      "dev": true,
      "license": "MIT",
      "dependencies": {
        "hermes-estree": "0.36.0"
      }
    },
    "node_modules/node-modules-regexp": {
      "version": "1.0.0",
      "resolved": "https://registry.npmjs.org/node-modules-regexp/-/node-modules-regexp-1.0.0.tgz",
      "integrity": "sha512-JMaRS9L4wSRIR+6PTVEikTrq/lMGEZR43a48ETeilY0Q0iMwVnccMFrUM1k+tNzmYuIU0Vh710bCUqHX+/+ctQ==",
      "dev": true,
      "license": "MIT",
      "engines": {
        "node": ">=0.10.0"
      }
    },
    "node_modules/pirates": {
      "version": "3.0.2",
      "resolved": "https://registry.npmjs.org/pirates/-/pirates-3.0.2.tgz",
      "integrity": "sha512-c5CgUJq6H2k6MJz72Ak1F5sN9n9wlSlJyEnwvpm9/y3WB4E3pHBDT2c6PEiS1vyJvq2bUxUAIu0EGf8Cx4Ic7Q==",
      "dev": true,
      "license": "MIT",
      "dependencies": {
        "node-modules-regexp": "^1.0.0"
      },
      "engines": {
        "node": ">= 4"
      }
    },
    "node_modules/typescript": {
      "version": "5.9.3",
      "resolved": "https://registry.npmjs.org/typescript/-/typescript-5.9.3.tgz",
      "integrity": "sha512-jl1vZzPDinLr9eUt3J/t7V6FgNEw9QjvBPdysz9KfQDD41fQrC2Y4vKQdiaUpFT4bXlb1RHhLpp8wtm6M5TgSw==",
      "dev": true,
      "license": "Apache-2.0",
      "bin": {
        "tsc": "bin/tsc",
        "tsserver": "bin/tsserver"
      },
      "engines": {
        "node": ">=14.17"
      }
    },
    "node_modules/undici-types": {
      "version": "7.19.2",
      "resolved": "https://registry.npmjs.org/undici-types/-/undici-types-7.19.2.tgz",
      "integrity": "sha512-qYVnV5OEm2AW8cJMCpdV20CDyaN3g0AjDlOGf1OW4iaDEx8MwdtChUp4zu4H0VP3nDRF/8RKWH+IPp9uW0YGZg==",
      "dev": true,
      "license": "MIT"
    },
    "node_modules/vlq": {
      "version": "0.2.3",
      "resolved": "https://registry.npmjs.org/vlq/-/vlq-0.2.3.tgz",
      "integrity": "sha512-DRibZL6DsNhIgYQ+wNdWDL2SL3bKPlVrRiBqV5yuMm++op8W4kGFtaQfCs4KEJn0wBZcHVHJ3eoywX8983k1ow==",
      "dev": true,
      "license": "MIT"
    },
    "node_modules/zod": {
      "version": "4.4.2",
      "resolved": "https://registry.npmjs.org/zod/-/zod-4.4.2.tgz",
      "integrity": "sha512-IynmDyxsEsb9RKzO3J9+4SxXnl2FTFSzNBaKKaMV6tsSk0rw9gYw9gs+JFCq/qk2LCZ78KDwyj+Z289TijSkUw==",
      "dev": true,
      "license": "MIT",
      "funding": {
        "url": "https://github.com/sponsors/colinhacks"
      }
    }
  }
}
